{
  "name": "react-webpack-boilerplate",
  "version": "2.0.0",
  "lockfileVersion": 1,
  "requires": true,
  "dependencies": {
    "cryptocompare": {
      "version": "0.2.0",
      "resolved": "https://registry.npmjs.org/cryptocompare/-/cryptocompare-0.2.0.tgz",
      "integrity": "sha1-OGLL67zT5Fs1Ozhaor22NklQOK0="
    }
  }
}
